
Microsoft Visual Studio Solution File, Format Version 12.00
# Visual Studio Version 17
VisualStudioVersion = 17.6.33723.286
MinimumVisualStudioVersion = 10.0.40219.1
Project("{FAE04EC0-301F-11D3-BF4B-00C04F79EFBC}") = "MyRhinoPlugin1", "MyRhinoPlugin1\MyRhinoPlugin1.csproj", "{1D2AD877-38D7-4BB2-9F24-FC78F3DCC742}"
EndProject
Global
	GlobalSection(SolutionConfigurationPlatforms) = preSolution
		Debug|Any CPU = Debug|Any CPU
		Release|Any CPU = Release|Any CPU
	EndGlobalSection
	GlobalSection(ProjectConfigurationPlatforms) = postSolution
		{1D2AD877-38D7-4BB2-9F24-FC78F3DCC742}.Debug|Any CPU.ActiveCfg = Debug|Any CPU
		{1D2AD877-38D7-4BB2-9F24-FC78F3DCC742}.Debug|Any CPU.Build.0 = Debug|Any CPU
		{1D2AD877-38D7-4BB2-9F24-FC78F3DCC742}.Release|Any CPU.ActiveCfg = Release|Any CPU
		{1D2AD877-38D7-4BB2-9F24-FC78F3DCC742}.Release|Any CPU.Build.0 = Release|Any CPU
	EndGlobalSection
	GlobalSection(SolutionProperties) = preSolution
		HideSolutionNode = FALSE
	EndGlobalSection
	GlobalSection(ExtensibilityGlobals) = postSolution
		SolutionGuid = {2A9782BB-C340-44CD-AE24-E2E5AFE3DB2D}
	EndGlobalSection
EndGlobal
